
Microsoft Visual Studio Solution File, Format Version 12.00
# Visual Studio Version 17
VisualStudioVersion = 17.11.35327.3
MinimumVisualStudioVersion = 10.0.40219.1
Project("{9A19103F-16F7-4668-BE54-9A1E7A4F7556}") = "Task 4.2", "Task 4.2.csproj", "{B86E125B-186D-458E-BEA0-438ACC943744}"
EndProject
Project("{9A19103F-16F7-4668-BE54-9A1E7A4F7556}") = "Task 4.3", "..\Task 4.3\Task 4.3.csproj", "{32EEAA1B-9255-4AE0-A802-DBAB59926289}"
EndProject
Project("{9A19103F-16F7-4668-BE54-9A1E7A4F7556}") = "Task 4.5", "..\Task4.5\Task 4.5.csproj", "{53F76400-0601-43D6-8C32-4DFE21B01921}"
EndProject
Project("{9A19103F-16F7-4668-BE54-9A1E7A4F7556}") = "Task 5.2", "..\Task 5.2\Task 5.2.csproj", "{C3E5B907-504F-420A-826E-F88FDBE02ADC}"
EndProject
Project("{9A19103F-16F7-4668-BE54-9A1E7A4F7556}") = "Bits", "..\Bits\Bits.csproj", "{B3F2148C-4C91-4EFE-9CF1-EB2AC472527A}"
EndProject
Project("{9A19103F-16F7-4668-BE54-9A1E7A4F7556}") = "Task 5.7", "..\Task 5.7\Task 5.7.csproj", "{1CB282FB-6E55-4D15-BCFE-3E7349F97CAE}"
EndProject
Project("{9A19103F-16F7-4668-BE54-9A1E7A4F7556}") = "Task 5.4", "..\Task 5.4\Task 5.4.csproj", "{FE023EC9-13D5-4BD9-B147-9B31F7E93522}"
EndProject
Project("{9A19103F-16F7-4668-BE54-9A1E7A4F7556}") = "Task 6.2", "..\Task 6.2\Task 6.2.csproj", "{75822D37-9AF9-45A4-A1D9-3506D375676E}"
EndProject
Project("{9A19103F-16F7-4668-BE54-9A1E7A4F7556}") = "Task 7.2", "..\Task 7.2\Task 7.2.csproj", "{084668D5-854E-4373-A4D0-B21C784CED8E}"
EndProject
Project("{9A19103F-16F7-4668-BE54-9A1E7A4F7556}") = "Task 8.4", "..\Task 8.4\Task 8.4.csproj", "{4D5ADAC0-26F5-4792-A056-3021E8A441E2}"
EndProject
Project("{FAE04EC0-301F-11D3-BF4B-00C04F79EFBC}") = "Task 9.2", "..\Task 9.2\Task 9.2.csproj", "{A88CC8AC-08FB-4C1A-9D4B-65540EC53671}"
EndProject
Global
	GlobalSection(SolutionConfigurationPlatforms) = preSolution
		Debug|Any CPU = Debug|Any CPU
		Release|Any CPU = Release|Any CPU
	EndGlobalSection
	GlobalSection(ProjectConfigurationPlatforms) = postSolution
		{B86E125B-186D-458E-BEA0-438ACC943744}.Debug|Any CPU.ActiveCfg = Debug|Any CPU
		{B86E125B-186D-458E-BEA0-438ACC943744}.Debug|Any CPU.Build.0 = Debug|Any CPU
		{B86E125B-186D-458E-BEA0-438ACC943744}.Release|Any CPU.ActiveCfg = Release|Any CPU
		{B86E125B-186D-458E-BEA0-438ACC943744}.Release|Any CPU.Build.0 = Release|Any CPU
		{32EEAA1B-9255-4AE0-A802-DBAB59926289}.Debug|Any CPU.ActiveCfg = Debug|Any CPU
		{32EEAA1B-9255-4AE0-A802-DBAB59926289}.Debug|Any CPU.Build.0 = Debug|Any CPU
		{32EEAA1B-9255-4AE0-A802-DBAB59926289}.Release|Any CPU.ActiveCfg = Release|Any CPU
		{32EEAA1B-9255-4AE0-A802-DBAB59926289}.Release|Any CPU.Build.0 = Release|Any CPU
		{53F76400-0601-43D6-8C32-4DFE21B01921}.Debug|Any CPU.ActiveCfg = Debug|Any CPU
		{53F76400-0601-43D6-8C32-4DFE21B01921}.Debug|Any CPU.Build.0 = Debug|Any CPU
		{53F76400-0601-43D6-8C32-4DFE21B01921}.Release|Any CPU.ActiveCfg = Release|Any CPU
		{53F76400-0601-43D6-8C32-4DFE21B01921}.Release|Any CPU.Build.0 = Release|Any CPU
		{C3E5B907-504F-420A-826E-F88FDBE02ADC}.Debug|Any CPU.ActiveCfg = Debug|Any CPU
		{C3E5B907-504F-420A-826E-F88FDBE02ADC}.Debug|Any CPU.Build.0 = Debug|Any CPU
		{C3E5B907-504F-420A-826E-F88FDBE02ADC}.Release|Any CPU.ActiveCfg = Release|Any CPU
		{C3E5B907-504F-420A-826E-F88FDBE02ADC}.Release|Any CPU.Build.0 = Release|Any CPU
		{B3F2148C-4C91-4EFE-9CF1-EB2AC472527A}.Debug|Any CPU.ActiveCfg = Debug|Any CPU
		{B3F2148C-4C91-4EFE-9CF1-EB2AC472527A}.Debug|Any CPU.Build.0 = Debug|Any CPU
		{B3F2148C-4C91-4EFE-9CF1-EB2AC472527A}.Release|Any CPU.ActiveCfg = Release|Any CPU
		{B3F2148C-4C91-4EFE-9CF1-EB2AC472527A}.Release|Any CPU.Build.0 = Release|Any CPU
		{1CB282FB-6E55-4D15-BCFE-3E7349F97CAE}.Debug|Any CPU.ActiveCfg = Debug|Any CPU
		{1CB282FB-6E55-4D15-BCFE-3E7349F97CAE}.Debug|Any CPU.Build.0 = Debug|Any CPU
		{1CB282FB-6E55-4D15-BCFE-3E7349F97CAE}.Release|Any CPU.ActiveCfg = Release|Any CPU
		{1CB282FB-6E55-4D15-BCFE-3E7349F97CAE}.Release|Any CPU.Build.0 = Release|Any CPU
		{FE023EC9-13D5-4BD9-B147-9B31F7E93522}.Debug|Any CPU.ActiveCfg = Debug|Any CPU
		{FE023EC9-13D5-4BD9-B147-9B31F7E93522}.Debug|Any CPU.Build.0 = Debug|Any CPU
		{FE023EC9-13D5-4BD9-B147-9B31F7E93522}.Release|Any CPU.ActiveCfg = Release|Any CPU
		{FE023EC9-13D5-4BD9-B147-9B31F7E93522}.Release|Any CPU.Build.0 = Release|Any CPU
		{75822D37-9AF9-45A4-A1D9-3506D375676E}.Debug|Any CPU.ActiveCfg = Debug|Any CPU
		{75822D37-9AF9-45A4-A1D9-3506D375676E}.Debug|Any CPU.Build.0 = Debug|Any CPU
		{75822D37-9AF9-45A4-A1D9-3506D375676E}.Release|Any CPU.ActiveCfg = Release|Any CPU
		{75822D37-9AF9-45A4-A1D9-3506D375676E}.Release|Any CPU.Build.0 = Release|Any CPU
		{084668D5-854E-4373-A4D0-B21C784CED8E}.Debug|Any CPU.ActiveCfg = Debug|Any CPU
		{084668D5-854E-4373-A4D0-B21C784CED8E}.Debug|Any CPU.Build.0 = Debug|Any CPU
		{084668D5-854E-4373-A4D0-B21C784CED8E}.Release|Any CPU.ActiveCfg = Release|Any CPU
		{084668D5-854E-4373-A4D0-B21C784CED8E}.Release|Any CPU.Build.0 = Release|Any CPU
		{4D5ADAC0-26F5-4792-A056-3021E8A441E2}.Debug|Any CPU.ActiveCfg = Debug|Any CPU
		{4D5ADAC0-26F5-4792-A056-3021E8A441E2}.Debug|Any CPU.Build.0 = Debug|Any CPU
		{4D5ADAC0-26F5-4792-A056-3021E8A441E2}.Release|Any CPU.ActiveCfg = Release|Any CPU
		{4D5ADAC0-26F5-4792-A056-3021E8A441E2}.Release|Any CPU.Build.0 = Release|Any CPU
		{A88CC8AC-08FB-4C1A-9D4B-65540EC53671}.Debug|Any CPU.ActiveCfg = Debug|Any CPU
		{A88CC8AC-08FB-4C1A-9D4B-65540EC53671}.Debug|Any CPU.Build.0 = Debug|Any CPU
		{A88CC8AC-08FB-4C1A-9D4B-65540EC53671}.Release|Any CPU.ActiveCfg = Release|Any CPU
		{A88CC8AC-08FB-4C1A-9D4B-65540EC53671}.Release|Any CPU.Build.0 = Release|Any CPU
	EndGlobalSection
	GlobalSection(SolutionProperties) = preSolution
		HideSolutionNode = FALSE
	EndGlobalSection
	GlobalSection(ExtensibilityGlobals) = postSolution
		SolutionGuid = {1B9691D6-9977-42EF-AE14-B405A2B45B8C}
	EndGlobalSection
EndGlobal
