
Microsoft Visual Studio Solution File, Format Version 12.00
# Visual Studio Version 17
VisualStudioVersion = 17.11.35327.3
MinimumVisualStudioVersion = 10.0.40219.1
Project("{9A19103F-16F7-4668-BE54-9A1E7A4F7556}") = "Task 4.2", "Task 4.2\Task 4.2.csproj", "{06AA8AE6-BE33-4201-A5BE-BE36A86DF8AE}"
EndProject
Project("{9A19103F-16F7-4668-BE54-9A1E7A4F7556}") = "Task 4.3", "Task 4.3\Task 4.3.csproj", "{A450E0A8-D635-4D1E-85B2-6A746C9E734B}"
EndProject
Project("{9A19103F-16F7-4668-BE54-9A1E7A4F7556}") = "Task 5.2", "Task 5.2\Task 5.2.csproj", "{E50BFF90-080A-4F8A-8772-79DCB3F687B2}"
EndProject
Project("{9A19103F-16F7-4668-BE54-9A1E7A4F7556}") = "Task 5.4", "Task 5.4\Task 5.4.csproj", "{EC7883EA-C4C8-4E5D-A8AA-6EDDDAEC6E4D}"
EndProject
Project("{9A19103F-16F7-4668-BE54-9A1E7A4F7556}") = "Task 5.7", "Task 5.7\Task 5.7.csproj", "{C56E1EF0-BFE5-442C-803D-25A2D6D9EE18}"
EndProject
Project("{9A19103F-16F7-4668-BE54-9A1E7A4F7556}") = "Task 6.2", "Task 6.2\Task 6.2.csproj", "{4FCD0F8F-FC89-49EB-8AB3-E8DF9C46DC49}"
EndProject
Project("{9A19103F-16F7-4668-BE54-9A1E7A4F7556}") = "Task 7.2", "Task 7.2\Task 7.2.csproj", "{7D29BC1C-9C06-4E4E-A09F-F45A030C9824}"
EndProject
Project("{9A19103F-16F7-4668-BE54-9A1E7A4F7556}") = "Task 4.5", "Task 4.5\Task 4.5.csproj", "{015265B4-5459-48AE-BD60-2A85CC5734D9}"
EndProject
Project("{9A19103F-16F7-4668-BE54-9A1E7A4F7556}") = "Task 8.4", "Task 8.4\Task 8.4.csproj", "{4E3928FB-059B-43D4-BE87-6BCAABF16E87}"
EndProject
Project("{9A19103F-16F7-4668-BE54-9A1E7A4F7556}") = "Task 9.2", "Task 9.2\Task 9.2.csproj", "{BDAF9ADA-4CB3-47A5-A39D-33F5424017CC}"
EndProject
Project("{FAE04EC0-301F-11D3-BF4B-00C04F79EFBC}") = "Task 1.3", "Task 1.3\Task 1.3.csproj", "{B29507A8-9808-4F70-954A-C9AB6B23A13F}"
EndProject
Project("{FAE04EC0-301F-11D3-BF4B-00C04F79EFBC}") = "TryParseVsParse", "TryParseVsParse\TryParseVsParse.csproj", "{7E28ECB0-1C72-4AC0-9F12-6345134A3ECB}"
EndProject
Project("{FAE04EC0-301F-11D3-BF4B-00C04F79EFBC}") = "Task 3.3", "Task 3.3\Task 3.3.csproj", "{9A0A114F-C23E-4AC0-B7E2-36BD71202716}"
EndProject
Project("{FAE04EC0-301F-11D3-BF4B-00C04F79EFBC}") = "Shifts", "Shifts\Shifts.csproj", "{D6783757-8661-42CF-AD66-23052E1DA885}"
EndProject
Project("{FAE04EC0-301F-11D3-BF4B-00C04F79EFBC}") = "Task 8.6", "Task 8.2\Task 8.6.csproj", "{D8B99B50-6B82-4473-A9D7-B151B7A374ED}"
EndProject
Project("{FAE04EC0-301F-11D3-BF4B-00C04F79EFBC}") = "Essential.Task 1.2", "Essencial.Task 1.2\Essential.Task 1.2.csproj", "{2F4E5E7B-024B-458E-AA7C-F452EDDF49A3}"
EndProject
Project("{FAE04EC0-301F-11D3-BF4B-00C04F79EFBC}") = "Essential.Task 3.4", "Essensial.Task 3.4\Essential.Task 3.4.csproj", "{C33AF721-9C8E-4726-A3BC-42CCEB735A2C}"
EndProject
Project("{FAE04EC0-301F-11D3-BF4B-00C04F79EFBC}") = "Essential.Task 4.2", "Essensial.Task 4.2\Essential.Task 4.2.csproj", "{27825A5A-4BB8-4CFA-A829-A88374099040}"
EndProject
Project("{FAE04EC0-301F-11D3-BF4B-00C04F79EFBC}") = "Essential.Task 5.4", "Essensial.Task 5.4\Essential.Task 5.4.csproj", "{F61D451C-EF9A-44AE-B2EF-9835005830DA}"
EndProject
Project("{FAE04EC0-301F-11D3-BF4B-00C04F79EFBC}") = "Essential.Task 6.4", "Essencial.Task 6.4\Essential.Task 6.4.csproj", "{9561AD66-BC46-4688-B9F9-73C28293DA6D}"
EndProject
Project("{FAE04EC0-301F-11D3-BF4B-00C04F79EFBC}") = "Essential.Task 7.2", "Essencial.Task 7.2\Essential.Task 7.2.csproj", "{79BD904D-5AC0-4E56-AF81-F4B5695D5B27}"
EndProject
Project("{FAE04EC0-301F-11D3-BF4B-00C04F79EFBC}") = "Essential.Task 8.2", "Essencial.Task 8.2\Essential.Task 8.2.csproj", "{00B3C505-0B77-42CC-BAB9-3D8AA7A1C66F}"
EndProject
Project("{FAE04EC0-301F-11D3-BF4B-00C04F79EFBC}") = "Essential.Task 8.5", "Essencial.Task 8.5\Essential.Task 8.5.csproj", "{400E56AD-32C6-4EC3-A95B-E985B812B3F1}"
EndProject
Project("{FAE04EC0-301F-11D3-BF4B-00C04F79EFBC}") = "Essential.Task 9.2", "Essential.Task 9.2\Essential.Task 9.2.csproj", "{6E89C4B9-2C41-46A5-A2D4-E44E81B92EAB}"
EndProject
Global
	GlobalSection(SolutionConfigurationPlatforms) = preSolution
		Debug|Any CPU = Debug|Any CPU
		Release|Any CPU = Release|Any CPU
	EndGlobalSection
	GlobalSection(ProjectConfigurationPlatforms) = postSolution
		{06AA8AE6-BE33-4201-A5BE-BE36A86DF8AE}.Debug|Any CPU.ActiveCfg = Debug|Any CPU
		{06AA8AE6-BE33-4201-A5BE-BE36A86DF8AE}.Debug|Any CPU.Build.0 = Debug|Any CPU
		{06AA8AE6-BE33-4201-A5BE-BE36A86DF8AE}.Release|Any CPU.ActiveCfg = Release|Any CPU
		{06AA8AE6-BE33-4201-A5BE-BE36A86DF8AE}.Release|Any CPU.Build.0 = Release|Any CPU
		{A450E0A8-D635-4D1E-85B2-6A746C9E734B}.Debug|Any CPU.ActiveCfg = Debug|Any CPU
		{A450E0A8-D635-4D1E-85B2-6A746C9E734B}.Debug|Any CPU.Build.0 = Debug|Any CPU
		{A450E0A8-D635-4D1E-85B2-6A746C9E734B}.Release|Any CPU.ActiveCfg = Release|Any CPU
		{A450E0A8-D635-4D1E-85B2-6A746C9E734B}.Release|Any CPU.Build.0 = Release|Any CPU
		{E50BFF90-080A-4F8A-8772-79DCB3F687B2}.Debug|Any CPU.ActiveCfg = Debug|Any CPU
		{E50BFF90-080A-4F8A-8772-79DCB3F687B2}.Debug|Any CPU.Build.0 = Debug|Any CPU
		{E50BFF90-080A-4F8A-8772-79DCB3F687B2}.Release|Any CPU.ActiveCfg = Release|Any CPU
		{E50BFF90-080A-4F8A-8772-79DCB3F687B2}.Release|Any CPU.Build.0 = Release|Any CPU
		{EC7883EA-C4C8-4E5D-A8AA-6EDDDAEC6E4D}.Debug|Any CPU.ActiveCfg = Debug|Any CPU
		{EC7883EA-C4C8-4E5D-A8AA-6EDDDAEC6E4D}.Debug|Any CPU.Build.0 = Debug|Any CPU
		{EC7883EA-C4C8-4E5D-A8AA-6EDDDAEC6E4D}.Release|Any CPU.ActiveCfg = Release|Any CPU
		{EC7883EA-C4C8-4E5D-A8AA-6EDDDAEC6E4D}.Release|Any CPU.Build.0 = Release|Any CPU
		{C56E1EF0-BFE5-442C-803D-25A2D6D9EE18}.Debug|Any CPU.ActiveCfg = Debug|Any CPU
		{C56E1EF0-BFE5-442C-803D-25A2D6D9EE18}.Debug|Any CPU.Build.0 = Debug|Any CPU
		{C56E1EF0-BFE5-442C-803D-25A2D6D9EE18}.Release|Any CPU.ActiveCfg = Release|Any CPU
		{C56E1EF0-BFE5-442C-803D-25A2D6D9EE18}.Release|Any CPU.Build.0 = Release|Any CPU
		{4FCD0F8F-FC89-49EB-8AB3-E8DF9C46DC49}.Debug|Any CPU.ActiveCfg = Debug|Any CPU
		{4FCD0F8F-FC89-49EB-8AB3-E8DF9C46DC49}.Debug|Any CPU.Build.0 = Debug|Any CPU
		{4FCD0F8F-FC89-49EB-8AB3-E8DF9C46DC49}.Release|Any CPU.ActiveCfg = Release|Any CPU
		{4FCD0F8F-FC89-49EB-8AB3-E8DF9C46DC49}.Release|Any CPU.Build.0 = Release|Any CPU
		{7D29BC1C-9C06-4E4E-A09F-F45A030C9824}.Debug|Any CPU.ActiveCfg = Debug|Any CPU
		{7D29BC1C-9C06-4E4E-A09F-F45A030C9824}.Debug|Any CPU.Build.0 = Debug|Any CPU
		{7D29BC1C-9C06-4E4E-A09F-F45A030C9824}.Release|Any CPU.ActiveCfg = Release|Any CPU
		{7D29BC1C-9C06-4E4E-A09F-F45A030C9824}.Release|Any CPU.Build.0 = Release|Any CPU
		{015265B4-5459-48AE-BD60-2A85CC5734D9}.Debug|Any CPU.ActiveCfg = Debug|Any CPU
		{015265B4-5459-48AE-BD60-2A85CC5734D9}.Debug|Any CPU.Build.0 = Debug|Any CPU
		{015265B4-5459-48AE-BD60-2A85CC5734D9}.Release|Any CPU.ActiveCfg = Release|Any CPU
		{015265B4-5459-48AE-BD60-2A85CC5734D9}.Release|Any CPU.Build.0 = Release|Any CPU
		{4E3928FB-059B-43D4-BE87-6BCAABF16E87}.Debug|Any CPU.ActiveCfg = Debug|Any CPU
		{4E3928FB-059B-43D4-BE87-6BCAABF16E87}.Debug|Any CPU.Build.0 = Debug|Any CPU
		{4E3928FB-059B-43D4-BE87-6BCAABF16E87}.Release|Any CPU.ActiveCfg = Release|Any CPU
		{4E3928FB-059B-43D4-BE87-6BCAABF16E87}.Release|Any CPU.Build.0 = Release|Any CPU
		{BDAF9ADA-4CB3-47A5-A39D-33F5424017CC}.Debug|Any CPU.ActiveCfg = Debug|Any CPU
		{BDAF9ADA-4CB3-47A5-A39D-33F5424017CC}.Debug|Any CPU.Build.0 = Debug|Any CPU
		{BDAF9ADA-4CB3-47A5-A39D-33F5424017CC}.Release|Any CPU.ActiveCfg = Release|Any CPU
		{BDAF9ADA-4CB3-47A5-A39D-33F5424017CC}.Release|Any CPU.Build.0 = Release|Any CPU
		{B29507A8-9808-4F70-954A-C9AB6B23A13F}.Debug|Any CPU.ActiveCfg = Debug|Any CPU
		{B29507A8-9808-4F70-954A-C9AB6B23A13F}.Debug|Any CPU.Build.0 = Debug|Any CPU
		{B29507A8-9808-4F70-954A-C9AB6B23A13F}.Release|Any CPU.ActiveCfg = Release|Any CPU
		{B29507A8-9808-4F70-954A-C9AB6B23A13F}.Release|Any CPU.Build.0 = Release|Any CPU
		{7E28ECB0-1C72-4AC0-9F12-6345134A3ECB}.Debug|Any CPU.ActiveCfg = Debug|Any CPU
		{7E28ECB0-1C72-4AC0-9F12-6345134A3ECB}.Debug|Any CPU.Build.0 = Debug|Any CPU
		{7E28ECB0-1C72-4AC0-9F12-6345134A3ECB}.Release|Any CPU.ActiveCfg = Release|Any CPU
		{7E28ECB0-1C72-4AC0-9F12-6345134A3ECB}.Release|Any CPU.Build.0 = Release|Any CPU
		{9A0A114F-C23E-4AC0-B7E2-36BD71202716}.Debug|Any CPU.ActiveCfg = Debug|Any CPU
		{9A0A114F-C23E-4AC0-B7E2-36BD71202716}.Debug|Any CPU.Build.0 = Debug|Any CPU
		{9A0A114F-C23E-4AC0-B7E2-36BD71202716}.Release|Any CPU.ActiveCfg = Release|Any CPU
		{9A0A114F-C23E-4AC0-B7E2-36BD71202716}.Release|Any CPU.Build.0 = Release|Any CPU
		{D6783757-8661-42CF-AD66-23052E1DA885}.Debug|Any CPU.ActiveCfg = Debug|Any CPU
		{D6783757-8661-42CF-AD66-23052E1DA885}.Debug|Any CPU.Build.0 = Debug|Any CPU
		{D6783757-8661-42CF-AD66-23052E1DA885}.Release|Any CPU.ActiveCfg = Release|Any CPU
		{D6783757-8661-42CF-AD66-23052E1DA885}.Release|Any CPU.Build.0 = Release|Any CPU
		{D8B99B50-6B82-4473-A9D7-B151B7A374ED}.Debug|Any CPU.ActiveCfg = Debug|Any CPU
		{D8B99B50-6B82-4473-A9D7-B151B7A374ED}.Debug|Any CPU.Build.0 = Debug|Any CPU
		{D8B99B50-6B82-4473-A9D7-B151B7A374ED}.Release|Any CPU.ActiveCfg = Release|Any CPU
		{D8B99B50-6B82-4473-A9D7-B151B7A374ED}.Release|Any CPU.Build.0 = Release|Any CPU
		{2F4E5E7B-024B-458E-AA7C-F452EDDF49A3}.Debug|Any CPU.ActiveCfg = Debug|Any CPU
		{2F4E5E7B-024B-458E-AA7C-F452EDDF49A3}.Debug|Any CPU.Build.0 = Debug|Any CPU
		{2F4E5E7B-024B-458E-AA7C-F452EDDF49A3}.Release|Any CPU.ActiveCfg = Release|Any CPU
		{2F4E5E7B-024B-458E-AA7C-F452EDDF49A3}.Release|Any CPU.Build.0 = Release|Any CPU
		{C33AF721-9C8E-4726-A3BC-42CCEB735A2C}.Debug|Any CPU.ActiveCfg = Debug|Any CPU
		{C33AF721-9C8E-4726-A3BC-42CCEB735A2C}.Debug|Any CPU.Build.0 = Debug|Any CPU
		{C33AF721-9C8E-4726-A3BC-42CCEB735A2C}.Release|Any CPU.ActiveCfg = Release|Any CPU
		{C33AF721-9C8E-4726-A3BC-42CCEB735A2C}.Release|Any CPU.Build.0 = Release|Any CPU
		{27825A5A-4BB8-4CFA-A829-A88374099040}.Debug|Any CPU.ActiveCfg = Debug|Any CPU
		{27825A5A-4BB8-4CFA-A829-A88374099040}.Debug|Any CPU.Build.0 = Debug|Any CPU
		{27825A5A-4BB8-4CFA-A829-A88374099040}.Release|Any CPU.ActiveCfg = Release|Any CPU
		{27825A5A-4BB8-4CFA-A829-A88374099040}.Release|Any CPU.Build.0 = Release|Any CPU
		{F61D451C-EF9A-44AE-B2EF-9835005830DA}.Debug|Any CPU.ActiveCfg = Debug|Any CPU
		{F61D451C-EF9A-44AE-B2EF-9835005830DA}.Debug|Any CPU.Build.0 = Debug|Any CPU
		{F61D451C-EF9A-44AE-B2EF-9835005830DA}.Release|Any CPU.ActiveCfg = Release|Any CPU
		{F61D451C-EF9A-44AE-B2EF-9835005830DA}.Release|Any CPU.Build.0 = Release|Any CPU
		{9561AD66-BC46-4688-B9F9-73C28293DA6D}.Debug|Any CPU.ActiveCfg = Debug|Any CPU
		{9561AD66-BC46-4688-B9F9-73C28293DA6D}.Debug|Any CPU.Build.0 = Debug|Any CPU
		{9561AD66-BC46-4688-B9F9-73C28293DA6D}.Release|Any CPU.ActiveCfg = Release|Any CPU
		{9561AD66-BC46-4688-B9F9-73C28293DA6D}.Release|Any CPU.Build.0 = Release|Any CPU
		{79BD904D-5AC0-4E56-AF81-F4B5695D5B27}.Debug|Any CPU.ActiveCfg = Debug|Any CPU
		{79BD904D-5AC0-4E56-AF81-F4B5695D5B27}.Debug|Any CPU.Build.0 = Debug|Any CPU
		{79BD904D-5AC0-4E56-AF81-F4B5695D5B27}.Release|Any CPU.ActiveCfg = Release|Any CPU
		{79BD904D-5AC0-4E56-AF81-F4B5695D5B27}.Release|Any CPU.Build.0 = Release|Any CPU
		{00B3C505-0B77-42CC-BAB9-3D8AA7A1C66F}.Debug|Any CPU.ActiveCfg = Debug|Any CPU
		{00B3C505-0B77-42CC-BAB9-3D8AA7A1C66F}.Debug|Any CPU.Build.0 = Debug|Any CPU
		{00B3C505-0B77-42CC-BAB9-3D8AA7A1C66F}.Release|Any CPU.ActiveCfg = Release|Any CPU
		{00B3C505-0B77-42CC-BAB9-3D8AA7A1C66F}.Release|Any CPU.Build.0 = Release|Any CPU
		{400E56AD-32C6-4EC3-A95B-E985B812B3F1}.Debug|Any CPU.ActiveCfg = Debug|Any CPU
		{400E56AD-32C6-4EC3-A95B-E985B812B3F1}.Debug|Any CPU.Build.0 = Debug|Any CPU
		{400E56AD-32C6-4EC3-A95B-E985B812B3F1}.Release|Any CPU.ActiveCfg = Release|Any CPU
		{400E56AD-32C6-4EC3-A95B-E985B812B3F1}.Release|Any CPU.Build.0 = Release|Any CPU
		{6E89C4B9-2C41-46A5-A2D4-E44E81B92EAB}.Debug|Any CPU.ActiveCfg = Debug|Any CPU
		{6E89C4B9-2C41-46A5-A2D4-E44E81B92EAB}.Debug|Any CPU.Build.0 = Debug|Any CPU
		{6E89C4B9-2C41-46A5-A2D4-E44E81B92EAB}.Release|Any CPU.ActiveCfg = Release|Any CPU
		{6E89C4B9-2C41-46A5-A2D4-E44E81B92EAB}.Release|Any CPU.Build.0 = Release|Any CPU
	EndGlobalSection
	GlobalSection(SolutionProperties) = preSolution
		HideSolutionNode = FALSE
	EndGlobalSection
	GlobalSection(ExtensibilityGlobals) = postSolution
		SolutionGuid = {1B9691D6-9977-42EF-AE14-B405A2B45B8C}
	EndGlobalSection
EndGlobal
